Microsoft Visual Studio Solution File, Format Version 12.00
# Visual Studio 15
VisualStudioVersion = 15.0.27004.2009
MinimumVisualStudioVersion = 10.0.40219.1
Project("{FAE04EC0-301F-11D3-BF4B-00C04F79EFBC}") = "SchedulerCellTemplate", "SchedulerCellTemplate\SchedulerCellTemplate.csproj", "{76D0AD57-4696-45FC-86FA-944C56110242}"
EndProject
Global
	GlobalSection(SolutionConfigurationPlatforms) = preSolution
		Debug|Any CPU = Debug|Any CPU
		Release|Any CPU = Release|Any CPU
	EndGlobalSection
	GlobalSection(ProjectConfigurationPlatforms) = postSolution
		{76D0AD57-4696-45FC-86FA-944C56110242}.Debug|Any CPU.ActiveCfg = Debug|Any CPU
		{76D0AD57-4696-45FC-86FA-944C56110242}.Debug|Any CPU.Build.0 = Debug|Any CPU
		{76D0AD57-4696-45FC-86FA-944C56110242}.Release|Any CPU.ActiveCfg = Release|Any CPU
		{76D0AD57-4696-45FC-86FA-944C56110242}.Release|Any CPU.Build.0 = Release|Any CPU
	EndGlobalSection
	GlobalSection(SolutionProperties) = preSolution
		HideSolutionNode = FALSE
	EndGlobalSection
	GlobalSection(ExtensibilityGlobals) = postSolution
		SolutionGuid = {036D5425-9A1A-402E-B418-B777C2ACA468}
	EndGlobalSection
EndGlobal
